
Microsoft Visual Studio Solution File, Format Version 12.00
# Visual Studio Version 17
VisualStudioVersion = 17.13.35931.197 d17.13
MinimumVisualStudioVersion = 10.0.40219.1
Project("{FAE04EC0-301F-11D3-BF4B-00C04F79EFBC}") = "backend", "backend.csproj", "{42C7DC01-8B4C-4634-AB4C-1496F33B57F3}"
EndProject
Global
	GlobalSection(SolutionConfigurationPlatforms) = preSolution
		Debug|Any CPU = Debug|Any CPU
		Release|Any CPU = Release|Any CPU
	EndGlobalSection
	GlobalSection(ProjectConfigurationPlatforms) = postSolution
		{42C7DC01-8B4C-4634-AB4C-1496F33B57F3}.Debug|Any CPU.ActiveCfg = Debug|Any CPU
		{42C7DC01-8B4C-4634-AB4C-1496F33B57F3}.Debug|Any CPU.Build.0 = Debug|Any CPU
		{42C7DC01-8B4C-4634-AB4C-1496F33B57F3}.Release|Any CPU.ActiveCfg = Release|Any CPU
		{42C7DC01-8B4C-4634-AB4C-1496F33B57F3}.Release|Any CPU.Build.0 = Release|Any CPU
	EndGlobalSection
	GlobalSection(SolutionProperties) = preSolution
		HideSolutionNode = FALSE
	EndGlobalSection
	GlobalSection(ExtensibilityGlobals) = postSolution
		SolutionGuid = {B4CDFD5C-81AA-438F-AAFA-BB3E9A6EB9A3}
	EndGlobalSection
EndGlobal
